// !$*UTF8*$!
{
	archiveVersion = 1;
	classes = {
	};
	objectVersion = 46;
	objects = {

/* Begin PBXBuildFile section */
		79073A4F1D11353300746C34 /* AppDelegate.swift in Sources */ = {isa = PBXBuildFile; fileRef = 79073A4E1D11353300746C34 /* AppDelegate.swift */; };
		79073A511D11353300746C34 /* ViewController.swift in Sources */ = {isa = PBXBuildFile; fileRef = 79073A501D11353300746C34 /* ViewController.swift */; };
		79073A541D11353300746C34 /* Main.storyboard in Resources */ = {isa = PBXBuildFile; fileRef = 79073A521D11353300746C34 /* Main.storyboard */; };
		79073A561D11353300746C34 /* Assets.xcassets in Resources */ = {isa = PBXBuildFile; fileRef = 79073A551D11353300746C34 /* Assets.xcassets */; };
		79073A591D11353300746C34 /* LaunchScreen.storyboard in Resources */ = {isa = PBXBuildFile; fileRef = 79073A571D11353300746C34 /* LaunchScreen.storyboard */; };
		79073A611D1136DC00746C34 /* WeatherModel.swift in Sources */ = {isa = PBXBuildFile; fileRef = 79073A601D1136DC00746C34 /* WeatherModel.swift */; };
		79073A651D11580D00746C34 /* WearherModelOC.m in Sources */ = {isa = PBXBuildFile; fileRef = 79073A641D11580D00746C34 /* WearherModelOC.m */; };
		79073A7D1D115A3700746C34 /* Info.plist in Resources */ = {isa = PBXBuildFile; fileRef = 79073A671D115A3700746C34 /* Info.plist */; };
		79073A7E1D115A3700746C34 /* MJExtensionConst.m in Sources */ = {isa = PBXBuildFile; fileRef = 79073A6A1D115A3700746C34 /* MJExtensionConst.m */; };
		79073A7F1D115A3700746C34 /* MJFoundation.m in Sources */ = {isa = PBXBuildFile; fileRef = 79073A6C1D115A3700746C34 /* MJFoundation.m */; };
		79073A801D115A3700746C34 /* MJProperty.m in Sources */ = {isa = PBXBuildFile; fileRef = 79073A6E1D115A3700746C34 /* MJProperty.m */; };
		79073A811D115A3700746C34 /* MJPropertyKey.m in Sources */ = {isa = PBXBuildFile; fileRef = 79073A701D115A3700746C34 /* MJPropertyKey.m */; };
		79073A821D115A3700746C34 /* MJPropertyType.m in Sources */ = {isa = PBXBuildFile; fileRef = 79073A721D115A3700746C34 /* MJPropertyType.m */; };
		79073A831D115A3700746C34 /* NSObject+MJClass.m in Sources */ = {isa = PBXBuildFile; fileRef = 79073A741D115A3700746C34 /* NSObject+MJClass.m */; };
		79073A841D115A3700746C34 /* NSObject+MJCoding.m in Sources */ = {isa = PBXBuildFile; fileRef = 79073A761D115A3700746C34 /* NSObject+MJCoding.m */; };
		79073A851D115A3700746C34 /* NSObject+MJKeyValue.m in Sources */ = {isa = PBXBuildFile; fileRef = 79073A781D115A3700746C34 /* NSObject+MJKeyValue.m */; };
		79073A861D115A3700746C34 /* NSObject+MJProperty.m in Sources */ = {isa = PBXBuildFile; fileRef = 79073A7A1D115A3700746C34 /* NSObject+MJProperty.m */; };
		79073A871D115A3700746C34 /* NSString+MJExtension.m in Sources */ = {isa = PBXBuildFile; fileRef = 79073A7C1D115A3700746C34 /* NSString+MJExtension.m */; };
/* End PBXBuildFile section */

/* Begin PBXFileReference section */
		79073A4B1D11353300746C34 /* Swift-Model.app */ = {isa = PBXFileReference; explicitFileType = wrapper.application; includeInIndex = 0; path = "Swift-Model.app"; sourceTree = BUILT_PRODUCTS_DIR; };
		79073A4E1D11353300746C34 /* AppDelegate.swift */ = {isa = PBXFileReference; lastKnownFileType = sourcecode.swift; path = AppDelegate.swift; sourceTree = "<group>"; };
		79073A501D11353300746C34 /* ViewController.swift */ = {isa = PBXFileReference; lastKnownFileType = sourcecode.swift; path = ViewController.swift; sourceTree = "<group>"; };
		79073A531D11353300746C34 /* Base */ = {isa = PBXFileReference; lastKnownFileType = file.storyboard; name = Base; path = Base.lproj/Main.storyboard; sourceTree = "<group>"; };
		79073A551D11353300746C34 /* Assets.xcassets */ = {isa = PBXFileReference; lastKnownFileType = folder.assetcatalog; path = Assets.xcassets; sourceTree = "<group>"; };
		79073A581D11353300746C34 /* Base */ = {isa = PBXFileReference; lastKnownFileType = file.storyboard; name = Base; path = Base.lproj/LaunchScreen.storyboard; sourceTree = "<group>"; };
		79073A5A1D11353300746C34 /* Info.plist */ = {isa = PBXFileReference; lastKnownFileType = text.plist.xml; path = Info.plist; sourceTree = "<group>"; };
		79073A601D1136DC00746C34 /* WeatherModel.swift */ = {isa = PBXFileReference; fileEncoding = 4; lastKnownFileType = sourcecode.swift; path = WeatherModel.swift; sourceTree = "<group>"; };
		79073A621D11580C00746C34 /* Swift-Model-Bridging-Header.h */ = {isa = PBXFileReference; lastKnownFileType = sourcecode.c.h; path = "Swift-Model-Bridging-Header.h"; sourceTree = "<group>"; };
		79073A631D11580D00746C34 /* WearherModelOC.h */ = {isa = PBXFileReference; fileEncoding = 4; lastKnownFileType = sourcecode.c.h; path = WearherModelOC.h; sourceTree = "<group>"; };
		79073A641D11580D00746C34 /* WearherModelOC.m */ = {isa = PBXFileReference; fileEncoding = 4; lastKnownFileType = sourcecode.c.objc; path = WearherModelOC.m; sourceTree = "<group>"; };
		79073A671D115A3700746C34 /* Info.plist */ = {isa = PBXFileReference; fileEncoding = 4; lastKnownFileType = text.plist.xml; path = Info.plist; sourceTree = "<group>"; };
		79073A681D115A3700746C34 /* MJExtension.h */ = {isa = PBXFileReference; fileEncoding = 4; lastKnownFileType = sourcecode.c.h; path = MJExtension.h; sourceTree = "<group>"; };
		79073A691D115A3700746C34 /* MJExtensionConst.h */ = {isa = PBXFileReference; fileEncoding = 4; lastKnownFileType = sourcecode.c.h; path = MJExtensionConst.h; sourceTree = "<group>"; };
		79073A6A1D115A3700746C34 /* MJExtensionConst.m */ = {isa = PBXFileReference; fileEncoding = 4; lastKnownFileType = sourcecode.c.objc; path = MJExtensionConst.m; sourceTree = "<group>"; };
		79073A6B1D115A3700746C34 /* MJFoundation.h */ = {isa = PBXFileReference; fileEncoding = 4; lastKnownFileType = sourcecode.c.h; path = MJFoundation.h; sourceTree = "<group>"; };
		79073A6C1D115A3700746C34 /* MJFoundation.m */ = {isa = PBXFileReference; fileEncoding = 4; lastKnownFileType = sourcecode.c.objc; path = MJFoundation.m; sourceTree = "<group>"; };
		79073A6D1D115A3700746C34 /* MJProperty.h */ = {isa = PBXFileReference; fileEncoding = 4; lastKnownFileType = sourcecode.c.h; path = MJProperty.h; sourceTree = "<group>"; };
		79073A6E1D115A3700746C34 /* MJProperty.m */ = {isa = PBXFileReference; fileEncoding = 4; lastKnownFileType = sourcecode.c.objc; path = MJProperty.m; sourceTree = "<group>"; };
		79073A6F1D115A3700746C34 /* MJPropertyKey.h */ = {isa = PBXFileReference; fileEncoding = 4; lastKnownFileType = sourcecode.c.h; path = MJPropertyKey.h; sourceTree = "<group>"; };
		79073A701D115A3700746C34 /* MJPropertyKey.m */ = {isa = PBXFileReference; fileEncoding = 4; lastKnownFileType = sourcecode.c.objc; path = MJPropertyKey.m; sourceTree = "<group>"; };
		79073A711D115A3700746C34 /* MJPropertyType.h */ = {isa = PBXFileReference; fileEncoding = 4; lastKnownFileType = sourcecode.c.h; path = MJPropertyType.h; sourceTree = "<group>"; };
		79073A721D115A3700746C34 /* MJPropertyType.m */ = {isa = PBXFileReference; fileEncoding = 4; lastKnownFileType = sourcecode.c.objc; path = MJPropertyType.m; sourceTree = "<group>"; };
		79073A731D115A3700746C34 /* NSObject+MJClass.h */ = {isa = PBXFileReference; fileEncoding = 4; lastKnownFileType = sourcecode.c.h; path = "NSObject+MJClass.h"; sourceTree = "<group>"; };
		79073A741D115A3700746C34 /* NSObject+MJClass.m */ = {isa = PBXFileReference; fileEncoding = 4; lastKnownFileType = sourcecode.c.objc; path = "NSObject+MJClass.m"; sourceTree = "<group>"; };
		79073A751D115A3700746C34 /* NSObject+MJCoding.h */ = {isa = PBXFileReference; fileEncoding = 4; lastKnownFileType = sourcecode.c.h; path = "NSObject+MJCoding.h"; sourceTree = "<group>"; };
		79073A761D115A3700746C34 /* NSObject+MJCoding.m */ = {isa = PBXFileReference; fileEncoding = 4; lastKnownFileType = sourcecode.c.objc; path = "NSObject+MJCoding.m"; sourceTree = "<group>"; };
		79073A771D115A3700746C34 /* NSObject+MJKeyValue.h */ = {isa = PBXFileReference; fileEncoding = 4; lastKnownFileType = sourcecode.c.h; path = "NSObject+MJKeyValue.h"; sourceTree = "<group>"; };
		79073A781D115A3700746C34 /* NSObject+MJKeyValue.m */ = {isa = PBXFileReference; fileEncoding = 4; lastKnownFileType = sourcecode.c.objc; path = "NSObject+MJKeyValue.m"; sourceTree = "<group>"; };
		79073A791D115A3700746C34 /* NSObject+MJProperty.h */ = {isa = PBXFileReference; fileEncoding = 4; lastKnownFileType = sourcecode.c.h; path = "NSObject+MJProperty.h"; sourceTree = "<group>"; };
		79073A7A1D115A3700746C34 /* NSObject+MJProperty.m */ = {isa = PBXFileReference; fileEncoding = 4; lastKnownFileType = sourcecode.c.objc; path = "NSObject+MJProperty.m"; sourceTree = "<group>"; };
		79073A7B1D115A3700746C34 /* NSString+MJExtension.h */ = {isa = PBXFileReference; fileEncoding = 4; lastKnownFileType = sourcecode.c.h; path = "NSString+MJExtension.h"; sourceTree = "<group>"; };
		79073A7C1D115A3700746C34 /* NSString+MJExtension.m */ = {isa = PBXFileReference; fileEncoding = 4; lastKnownFileType = sourcecode.c.objc; path = "NSString+MJExtension.m"; sourceTree = "<group>"; };
/* End PBXFileReference section */

/* Begin PBXFrameworksBuildPhase section */
		79073A481D11353300746C34 /* Frameworks */ = {
			isa = PBXFrameworksBuildPhase;
			buildActionMask = 2147483647;
			files = (
			);
			runOnlyForDeploymentPostprocessing = 0;
		};
/* End PBXFrameworksBuildPhase section */

/* Begin PBXGroup section */
		79073A421D11353300746C34 = {
			isa = PBXGroup;
			children = (
				79073A4D1D11353300746C34 /* Swift-Model */,
				79073A4C1D11353300746C34 /* Products */,
			);
			sourceTree = "<group>";
		};
		79073A4C1D11353300746C34 /* Products */ = {
			isa = PBXGroup;
			children = (
				79073A4B1D11353300746C34 /* Swift-Model.app */,
			);
			name = Products;
			sourceTree = "<group>";
		};
		79073A4D1D11353300746C34 /* Swift-Model */ = {
			isa = PBXGroup;
			children = (
				79073A661D115A3700746C34 /* MJExtension */,
				79073A4E1D11353300746C34 /* AppDelegate.swift */,
				79073A501D11353300746C34 /* ViewController.swift */,
				79073A601D1136DC00746C34 /* WeatherModel.swift */,
				79073A631D11580D00746C34 /* WearherModelOC.h */,
				79073A641D11580D00746C34 /* WearherModelOC.m */,
				79073A621D11580C00746C34 /* Swift-Model-Bridging-Header.h */,
				79073A521D11353300746C34 /* Main.storyboard */,
				79073A551D11353300746C34 /* Assets.xcassets */,
				79073A571D11353300746C34 /* LaunchScreen.storyboard */,
				79073A5A1D11353300746C34 /* Info.plist */,
			);
			path = "Swift-Model";
			sourceTree = "<group>";
		};
		79073A661D115A3700746C34 /* MJExtension */ = {
			isa = PBXGroup;
			children = (
				79073A671D115A3700746C34 /* Info.plist */,
				79073A681D115A3700746C34 /* MJExtension.h */,
				79073A691D115A3700746C34 /* MJExtensionConst.h */,
				79073A6A1D115A3700746C34 /* MJExtensionConst.m */,
				79073A6B1D115A3700746C34 /* MJFoundation.h */,
				79073A6C1D115A3700746C34 /* MJFoundation.m */,
				79073A6D1D115A3700746C34 /* MJProperty.h */,
				79073A6E1D115A3700746C34 /* MJProperty.m */,
				79073A6F1D115A3700746C34 /* MJPropertyKey.h */,
				79073A701D115A3700746C34 /* MJPropertyKey.m */,
				79073A711D115A3700746C34 /* MJPropertyType.h */,
				79073A721D115A3700746C34 /* MJPropertyType.m */,
				79073A731D115A3700746C34 /* NSObject+MJClass.h */,
				79073A741D115A3700746C34 /* NSObject+MJClass.m */,
				79073A751D115A3700746C34 /* NSObject+MJCoding.h */,
				79073A761D115A3700746C34 /* NSObject+MJCoding.m */,
				79073A771D115A3700746C34 /* NSObject+MJKeyValue.h */,
				79073A781D115A3700746C34 /* NSObject+MJKeyValue.m */,
				79073A791D115A3700746C34 /* NSObject+MJProperty.h */,
				79073A7A1D115A3700746C34 /* NSObject+MJProperty.m */,
				79073A7B1D115A3700746C34 /* NSString+MJExtension.h */,
				79073A7C1D115A3700746C34 /* NSString+MJExtension.m */,
			);
			path = MJExtension;
			sourceTree = "<group>";
		};
/* End PBXGroup section */

/* Begin PBXNativeTarget section */
		79073A4A1D11353300746C34 /* Swift-Model */ = {
			isa = PBXNativeTarget;
			buildConfigurationList = 79073A5D1D11353300746C34 /* Build configuration list for PBXNativeTarget "Swift-Model" */;
			buildPhases = (
				79073A471D11353300746C34 /* Sources */,
				79073A481D11353300746C34 /* Frameworks */,
				79073A491D11353300746C34 /* Resources */,
			);
			buildRules = (
			);
			dependencies = (
			);
			name = "Swift-Model";
			productName = "Swift-Model";
			productReference = 79073A4B1D11353300746C34 /* Swift-Model.app */;
			productType = "com.apple.product-type.application";
		};
/* End PBXNativeTarget section */

/* Begin PBXProject section */
		79073A431D11353300746C34 /* Project object */ = {
			isa = PBXProject;
			attributes = {
				LastSwiftUpdateCheck = 0730;
				LastUpgradeCheck = 0730;
				ORGANIZATIONNAME = hus;
				TargetAttributes = {
					79073A4A1D11353300746C34 = {
						CreatedOnToolsVersion = 7.3.1;
						DevelopmentTeam = J7H6SN66AX;
					};
				};
			};
			buildConfigurationList = 79073A461D11353300746C34 /* Build configuration list for PBXProject "Swift-Model" */;
			compatibilityVersion = "Xcode 3.2";
			developmentRegion = English;
			hasScannedForEncodings = 0;
			knownRegions = (
				en,
				Base,
			);
			mainGroup = 79073A421D11353300746C34;
			productRefGroup = 79073A4C1D11353300746C34 /* Products */;
			projectDirPath = "";
			projectRoot = "";
			targets = (
				79073A4A1D11353300746C34 /* Swift-Model */,
			);
		};
/* End PBXProject section */

/* Begin PBXResourcesBuildPhase section */
		79073A491D11353300746C34 /* Resources */ = {
			isa = PBXResourcesBuildPhase;
			buildActionMask = 2147483647;
			files = (
				79073A7D1D115A3700746C34 /* Info.plist in Resources */,
				79073A591D11353300746C34 /* LaunchScreen.storyboard in Resources */,
				79073A561D11353300746C34 /* Assets.xcassets in Resources */,
				79073A541D11353300746C34 /* Main.storyboard in Resources */,
			);
			runOnlyForDeploymentPostprocessing = 0;
		};
/* End PBXResourcesBuildPhase section */

/* Begin PBXSourcesBuildPhase section */
		79073A471D11353300746C34 /* Sources */ = {
			isa = PBXSourcesBuildPhase;
			buildActionMask = 2147483647;
			files = (
				79073A821D115A3700746C34 /* MJPropertyType.m in Sources */,
				79073A651D11580D00746C34 /* WearherModelOC.m in Sources */,
				79073A7E1D115A3700746C34 /* MJExtensionConst.m in Sources */,
				79073A831D115A3700746C34 /* NSObject+MJClass.m in Sources */,
				79073A861D115A3700746C34 /* NSObject+MJProperty.m in Sources */,
				79073A851D115A3700746C34 /* NSObject+MJKeyValue.m in Sources */,
				79073A801D115A3700746C34 /* MJProperty.m in Sources */,
				79073A511D11353300746C34 /* ViewController.swift in Sources */,
				79073A841D115A3700746C34 /* NSObject+MJCoding.m in Sources */,
				79073A7F1D115A3700746C34 /* MJFoundation.m in Sources */,
				79073A871D115A3700746C34 /* NSString+MJExtension.m in Sources */,
				79073A611D1136DC00746C34 /* WeatherModel.swift in Sources */,
				79073A4F1D11353300746C34 /* AppDelegate.swift in Sources */,
				79073A811D115A3700746C34 /* MJPropertyKey.m in Sources */,
			);
			runOnlyForDeploymentPostprocessing = 0;
		};
/* End PBXSourcesBuildPhase section */

/* Begin PBXVariantGroup section */
		79073A521D11353300746C34 /* Main.storyboard */ = {
			isa = PBXVariantGroup;
			children = (
				79073A531D11353300746C34 /* Base */,
			);
			name = Main.storyboard;
			sourceTree = "<group>";
		};
		79073A571D11353300746C34 /* LaunchScreen.storyboard */ = {
			isa = PBXVariantGroup;
			children = (
				79073A581D11353300746C34 /* Base */,
			);
			name = LaunchScreen.storyboard;
			sourceTree = "<group>";
		};
/* End PBXVariantGroup section */

/* Begin XCBuildConfiguration section */
		79073A5B1D11353300746C34 /* Debug */ = {
			isa = XCBuildConfiguration;
			buildSettings = {
				ALWAYS_SEARCH_USER_PATHS = NO;
				CLANG_ANALYZER_NONNULL = YES;
				CLANG_CXX_LANGUAGE_STANDARD = "gnu++0x";
				CLANG_CXX_LIBRARY = "libc++";
				CLANG_ENABLE_MODULES = YES;
				CLANG_ENABLE_OBJC_ARC = YES;
				CLANG_WARN_BOOL_CONVERSION = YES;
				CLANG_WARN_CONSTANT_CONVERSION = YES;
				CLANG_WARN_DIRECT_OBJC_ISA_USAGE = YES_ERROR;
				CLANG_WARN_EMPTY_BODY = YES;
				CLANG_WARN_ENUM_CONVERSION = YES;
				CLANG_WARN_INT_CONVERSION = YES;
				CLANG_WARN_OBJC_ROOT_CLASS = YES_ERROR;
				CLANG_WARN_UNREACHABLE_CODE = YES;
				CLANG_WARN__DUPLICATE_METHOD_MATCH = YES;
				"CODE_SIGN_IDENTITY[sdk=iphoneos*]" = "iPhone Developer";
				COPY_PHASE_STRIP = NO;
				DEBUG_INFORMATION_FORMAT = dwarf;
				ENABLE_STRICT_OBJC_MSGSEND = YES;
				ENABLE_TESTABILITY = YES;
				GCC_C_LANGUAGE_STANDARD = gnu99;
				GCC_DYNAMIC_NO_PIC = NO;
				GCC_NO_COMMON_BLOCKS = YES;
				GCC_OPTIMIZATION_LEVEL = 0;
				GCC_PREPROCESSOR_DEFINITIONS = (
					"DEBUG=1",
					"$(inherited)",
				);
				GCC_WARN_64_TO_32_BIT_CONVERSION = YES;
				GCC_WARN_ABOUT_RETURN_TYPE = YES_ERROR;
				GCC_WARN_UNDECLARED_SELECTOR = YES;
				GCC_WARN_UNINITIALIZED_AUTOS = YES_AGGRESSIVE;
				GCC_WARN_UNUSED_FUNCTION = YES;
				GCC_WARN_UNUSED_VARIABLE = YES;
				IPHONEOS_DEPLOYMENT_TARGET = 9.3;
				MTL_ENABLE_DEBUG_INFO = YES;
				ONLY_ACTIVE_ARCH = YES;
				SDKROOT = iphoneos;
				SWIFT_OPTIMIZATION_LEVEL = "-Onone";
			};
			name = Debug;
		};
		79073A5C1D11353300746C34 /* Release */ = {
			isa = XCBuildConfiguration;
			buildSettings = {
				ALWAYS_SEARCH_USER_PATHS = NO;
				CLANG_ANALYZER_NONNULL = YES;
				CLANG_CXX_LANGUAGE_STANDARD = "gnu++0x";
				CLANG_CXX_LIBRARY = "libc++";
				CLANG_ENABLE_MODULES = YES;
				CLANG_ENABLE_OBJC_ARC = YES;
				CLANG_WARN_BOOL_CONVERSION = YES;
				CLANG_WARN_CONSTANT_CONVERSION = YES;
				CLANG_WARN_DIRECT_OBJC_ISA_USAGE = YES_ERROR;
				CLANG_WARN_EMPTY_BODY = YES;
				CLANG_WARN_ENUM_CONVERSION = YES;
				CLANG_WARN_INT_CONVERSION = YES;
				CLANG_WARN_OBJC_ROOT_CLASS = YES_ERROR;
				CLANG_WARN_UNREACHABLE_CODE = YES;
				CLANG_WARN__DUPLICATE_METHOD_MATCH = YES;
				"CODE_SIGN_IDENTITY[sdk=iphoneos*]" = "iPhone Developer";
				COPY_PHASE_STRIP = NO;
				DEBUG_INFORMATION_FORMAT = "dwarf-with-dsym";
				ENABLE_NS_ASSERTIONS = NO;
				ENABLE_STRICT_OBJC_MSGSEND = YES;
				GCC_C_LANGUAGE_STANDARD = gnu99;
				GCC_NO_COMMON_BLOCKS = YES;
				GCC_WARN_64_TO_32_BIT_CONVERSION = YES;
				GCC_WARN_ABOUT_RETURN_TYPE = YES_ERROR;
				GCC_WARN_UNDECLARED_SELECTOR = YES;
				GCC_WARN_UNINITIALIZED_AUTOS = YES_AGGRESSIVE;
				GCC_WARN_UNUSED_FUNCTION = YES;
				GCC_WARN_UNUSED_VARIABLE = YES;
				IPHONEOS_DEPLOYMENT_TARGET = 9.3;
				MTL_ENABLE_DEBUG_INFO = NO;
				SDKROOT = iphoneos;
				VALIDATE_PRODUCT = YES;
			};
			name = Release;
		};
		79073A5E1D11353300746C34 /* Debug */ = {
			isa = XCBuildConfiguration;
			buildSettings = {
				ASSETCATALOG_COMPILER_APPICON_NAME = AppIcon;
				CLANG_ENABLE_MODULES = YES;
				INFOPLIST_FILE = "Swift-Model/Info.plist";
				IPHONEOS_DEPLOYMENT_TARGET = 8.4;
				LD_RUNPATH_SEARCH_PATHS = "$(inherited) @executable_path/Frameworks";
				PRODUCT_BUNDLE_IDENTIFIER = "com.tsuios.Swift-Model";
				PRODUCT_NAME = "$(TARGET_NAME)";
				SWIFT_OBJC_BRIDGING_HEADER = "Swift-Model/Swift-Model-Bridging-Header.h";
				SWIFT_OPTIMIZATION_LEVEL = "-Onone";
			};
			name = Debug;
		};
		79073A5F1D11353300746C34 /* Release */ = {
			isa = XCBuildConfiguration;
			buildSettings = {
				ASSETCATALOG_COMPILER_APPICON_NAME = AppIcon;
				CLANG_ENABLE_MODULES = YES;
				INFOPLIST_FILE = "Swift-Model/Info.plist";
				IPHONEOS_DEPLOYMENT_TARGET = 8.4;
				LD_RUNPATH_SEARCH_PATHS = "$(inherited) @executable_path/Frameworks";
				PRODUCT_BUNDLE_IDENTIFIER = "com.tsuios.Swift-Model";
				PRODUCT_NAME = "$(TARGET_NAME)";
				SWIFT_OBJC_BRIDGING_HEADER = "Swift-Model/Swift-Model-Bridging-Header.h";
			};
			name = Release;
		};
/* End XCBuildConfiguration section */

/* Begin XCConfigurationList section */
		79073A461D11353300746C34 /* Build configuration list for PBXProject "Swift-Model" */ = {
			isa = XCConfigurationList;
			buildConfigurations = (
				79073A5B1D11353300746C34 /* Debug */,
				79073A5C1D11353300746C34 /* Release */,
			);
			defaultConfigurationIsVisible = 0;
			defaultConfigurationName = Release;
		};
		79073A5D1D11353300746C34 /* Build configuration list for PBXNativeTarget "Swift-Model" */ = {
			isa = XCConfigurationList;
			buildConfigurations = (
				79073A5E1D11353300746C34 /* Debug */,
				79073A5F1D11353300746C34 /* Release */,
			);
			defaultConfigurationIsVisible = 0;
		};
/* End XCConfigurationList section */
	};
	rootObject = 79073A431D11353300746C34 /* Project object */;
}
